
Microsoft Visual Studio Solution File, Format Version 12.00
# Visual Studio Version 16
VisualStudioVersion = 16.0.32126.315
MinimumVisualStudioVersion = 10.0.40219.1
Project("{FAE04EC0-301F-11D3-BF4B-00C04F79EFBC}") = "Oruscurso", "Oruscurso.csproj", "{C9676E0F-90CC-4841-974C-997F8B1997AA}"
EndProject
Global
	GlobalSection(SolutionConfigurationPlatforms) = preSolution
		Debug|Any CPU = Debug|Any CPU
		Release|Any CPU = Release|Any CPU
	EndGlobalSection
	GlobalSection(ProjectConfigurationPlatforms) = postSolution
		{C9676E0F-90CC-4841-974C-997F8B1997AA}.Debug|Any CPU.ActiveCfg = Debug|Any CPU
		{C9676E0F-90CC-4841-974C-997F8B1997AA}.Debug|Any CPU.Build.0 = Debug|Any CPU
		{C9676E0F-90CC-4841-974C-997F8B1997AA}.Release|Any CPU.ActiveCfg = Release|Any CPU
		{C9676E0F-90CC-4841-974C-997F8B1997AA}.Release|Any CPU.Build.0 = Release|Any CPU
	EndGlobalSection
	GlobalSection(SolutionProperties) = preSolution
		HideSolutionNode = FALSE
	EndGlobalSection
	GlobalSection(ExtensibilityGlobals) = postSolution
		SolutionGuid = {EC3BF89A-BC44-4174-B4B7-79F44E2AE06F}
	EndGlobalSection
EndGlobal
